// !$*UTF8*$!
{
	archiveVersion = 1;
	classes = {
	};
	objectVersion = 48;
	objects = {

/* Begin PBXBuildFile section */
		FA09AB722061A250008F9D38 /* AppDelegate.swift in Sources */ = {isa = PBXBuildFile; fileRef = FA09AB712061A250008F9D38 /* AppDelegate.swift */; };
		FA09AB742061A250008F9D38 /* ViewController.swift in Sources */ = {isa = PBXBuildFile; fileRef = FA09AB732061A250008F9D38 /* ViewController.swift */; };
		FA09AB772061A250008F9D38 /* Main.storyboard in Resources */ = {isa = PBXBuildFile; fileRef = FA09AB752061A250008F9D38 /* Main.storyboard */; };
		FA09AB792061A250008F9D38 /* Assets.xcassets in Resources */ = {isa = PBXBuildFile; fileRef = FA09AB782061A250008F9D38 /* Assets.xcassets */; };
		FA09AB7C2061A250008F9D38 /* LaunchScreen.storyboard in Resources */ = {isa = PBXBuildFile; fileRef = FA09AB7A2061A250008F9D38 /* LaunchScreen.storyboard */; };
		FA09AB872061A250008F9D38 /* TouchTrackerTests.swift in Sources */ = {isa = PBXBuildFile; fileRef = FA09AB862061A250008F9D38 /* TouchTrackerTests.swift */; };
		FA09AB922061A250008F9D38 /* TouchTrackerUITests.swift in Sources */ = {isa = PBXBuildFile; fileRef = FA09AB912061A250008F9D38 /* TouchTrackerUITests.swift */; };
		FA09ABA02061A2D3008F9D38 /* Line.swift in Sources */ = {isa = PBXBuildFile; fileRef = FA09AB9F2061A2D3008F9D38 /* Line.swift */; };
		FA09ABA22061A3E2008F9D38 /* DrawView.swift in Sources */ = {isa = PBXBuildFile; fileRef = FA09ABA12061A3E2008F9D38 /* DrawView.swift */; };
/* End PBXBuildFile section */

/* Begin PBXContainerItemProxy section */
		FA09AB832061A250008F9D38 /* PBXContainerItemProxy */ = {
			isa = PBXContainerItemProxy;
			containerPortal = FA09AB662061A250008F9D38 /* Project object */;
			proxyType = 1;
			remoteGlobalIDString = FA09AB6D2061A250008F9D38;
			remoteInfo = TouchTracker;
		};
		FA09AB8E2061A250008F9D38 /* PBXContainerItemProxy */ = {
			isa = PBXContainerItemProxy;
			containerPortal = FA09AB662061A250008F9D38 /* Project object */;
			proxyType = 1;
			remoteGlobalIDString = FA09AB6D2061A250008F9D38;
			remoteInfo = TouchTracker;
		};
/* End PBXContainerItemProxy section */

/* Begin PBXFileReference section */
		FA09AB6E2061A250008F9D38 /* TouchTracker.app */ = {isa = PBXFileReference; explicitFileType = wrapper.application; includeInIndex = 0; path = TouchTracker.app; sourceTree = BUILT_PRODUCTS_DIR; };
		FA09AB712061A250008F9D38 /* AppDelegate.swift */ = {isa = PBXFileReference; lastKnownFileType = sourcecode.swift; path = AppDelegate.swift; sourceTree = "<group>"; };
		FA09AB732061A250008F9D38 /* ViewController.swift */ = {isa = PBXFileReference; lastKnownFileType = sourcecode.swift; path = ViewController.swift; sourceTree = "<group>"; };
		FA09AB762061A250008F9D38 /* Base */ = {isa = PBXFileReference; lastKnownFileType = file.storyboard; name = Base; path = Base.lproj/Main.storyboard; sourceTree = "<group>"; };
		FA09AB782061A250008F9D38 /* Assets.xcassets */ = {isa = PBXFileReference; lastKnownFileType = folder.assetcatalog; path = Assets.xcassets; sourceTree = "<group>"; };
		FA09AB7B2061A250008F9D38 /* Base */ = {isa = PBXFileReference; lastKnownFileType = file.storyboard; name = Base; path = Base.lproj/LaunchScreen.storyboard; sourceTree = "<group>"; };
		FA09AB7D2061A250008F9D38 /* Info.plist */ = {isa = PBXFileReference; lastKnownFileType = text.plist.xml; path = Info.plist; sourceTree = "<group>"; };
		FA09AB822061A250008F9D38 /* TouchTrackerTests.xctest */ = {isa = PBXFileReference; explicitFileType = wrapper.cfbundle; includeInIndex = 0; path = TouchTrackerTests.xctest; sourceTree = BUILT_PRODUCTS_DIR; };
		FA09AB862061A250008F9D38 /* TouchTrackerTests.swift */ = {isa = PBXFileReference; lastKnownFileType = sourcecode.swift; path = TouchTrackerTests.swift; sourceTree = "<group>"; };
		FA09AB882061A250008F9D38 /* Info.plist */ = {isa = PBXFileReference; lastKnownFileType = text.plist.xml; path = Info.plist; sourceTree = "<group>"; };
		FA09AB8D2061A250008F9D38 /* TouchTrackerUITests.xctest */ = {isa = PBXFileReference; explicitFileType = wrapper.cfbundle; includeInIndex = 0; path = TouchTrackerUITests.xctest; sourceTree = BUILT_PRODUCTS_DIR; };
		FA09AB912061A250008F9D38 /* TouchTrackerUITests.swift */ = {isa = PBXFileReference; lastKnownFileType = sourcecode.swift; path = TouchTrackerUITests.swift; sourceTree = "<group>"; };
		FA09AB932061A250008F9D38 /* Info.plist */ = {isa = PBXFileReference; lastKnownFileType = text.plist.xml; path = Info.plist; sourceTree = "<group>"; };
		FA09AB9F2061A2D3008F9D38 /* Line.swift */ = {isa = PBXFileReference; lastKnownFileType = sourcecode.swift; path = Line.swift; sourceTree = "<group>"; };
		FA09ABA12061A3E2008F9D38 /* DrawView.swift */ = {isa = PBXFileReference; lastKnownFileType = sourcecode.swift; path = DrawView.swift; sourceTree = "<group>"; };
/* End PBXFileReference section */

/* Begin PBXFrameworksBuildPhase section */
		FA09AB6B2061A250008F9D38 /* Frameworks */ = {
			isa = PBXFrameworksBuildPhase;
			buildActionMask = 2147483647;
			files = (
			);
			runOnlyForDeploymentPostprocessing = 0;
		};
		FA09AB7F2061A250008F9D38 /* Frameworks */ = {
			isa = PBXFrameworksBuildPhase;
			buildActionMask = 2147483647;
			files = (
			);
			runOnlyForDeploymentPostprocessing = 0;
		};
		FA09AB8A2061A250008F9D38 /* Frameworks */ = {
			isa = PBXFrameworksBuildPhase;
			buildActionMask = 2147483647;
			files = (
			);
			runOnlyForDeploymentPostprocessing = 0;
		};
/* End PBXFrameworksBuildPhase section */

/* Begin PBXGroup section */
		FA09AB652061A250008F9D38 = {
			isa = PBXGroup;
			children = (
				FA09AB702061A250008F9D38 /* TouchTracker */,
				FA09AB852061A250008F9D38 /* TouchTrackerTests */,
				FA09AB902061A250008F9D38 /* TouchTrackerUITests */,
				FA09AB6F2061A250008F9D38 /* Products */,
			);
			sourceTree = "<group>";
		};
		FA09AB6F2061A250008F9D38 /* Products */ = {
			isa = PBXGroup;
			children = (
				FA09AB6E2061A250008F9D38 /* TouchTracker.app */,
				FA09AB822061A250008F9D38 /* TouchTrackerTests.xctest */,
				FA09AB8D2061A250008F9D38 /* TouchTrackerUITests.xctest */,
			);
			name = Products;
			sourceTree = "<group>";
		};
		FA09AB702061A250008F9D38 /* TouchTracker */ = {
			isa = PBXGroup;
			children = (
				FA09AB712061A250008F9D38 /* AppDelegate.swift */,
				FA09AB732061A250008F9D38 /* ViewController.swift */,
				FA09AB752061A250008F9D38 /* Main.storyboard */,
				FA09AB782061A250008F9D38 /* Assets.xcassets */,
				FA09AB7A2061A250008F9D38 /* LaunchScreen.storyboard */,
				FA09AB7D2061A250008F9D38 /* Info.plist */,
				FA09AB9F2061A2D3008F9D38 /* Line.swift */,
				FA09ABA12061A3E2008F9D38 /* DrawView.swift */,
			);
			path = TouchTracker;
			sourceTree = "<group>";
		};
		FA09AB852061A250008F9D38 /* TouchTrackerTests */ = {
			isa = PBXGroup;
			children = (
				FA09AB862061A250008F9D38 /* TouchTrackerTests.swift */,
				FA09AB882061A250008F9D38 /* Info.plist */,
			);
			path = TouchTrackerTests;
			sourceTree = "<group>";
		};
		FA09AB902061A250008F9D38 /* TouchTrackerUITests */ = {
			isa = PBXGroup;
			children = (
				FA09AB912061A250008F9D38 /* TouchTrackerUITests.swift */,
				FA09AB932061A250008F9D38 /* Info.plist */,
			);
			path = TouchTrackerUITests;
			sourceTree = "<group>";
		};
/* End PBXGroup section */

/* Begin PBXNativeTarget section */
		FA09AB6D2061A250008F9D38 /* TouchTracker */ = {
			isa = PBXNativeTarget;
			buildConfigurationList = FA09AB962061A250008F9D38 /* Build configuration list for PBXNativeTarget "TouchTracker" */;
			buildPhases = (
				FA09AB6A2061A250008F9D38 /* Sources */,
				FA09AB6B2061A250008F9D38 /* Frameworks */,
				FA09AB6C2061A250008F9D38 /* Resources */,
			);
			buildRules = (
			);
			dependencies = (
			);
			name = TouchTracker;
			productName = TouchTracker;
			productReference = FA09AB6E2061A250008F9D38 /* TouchTracker.app */;
			productType = "com.apple.product-type.application";
		};
		FA09AB812061A250008F9D38 /* TouchTrackerTests */ = {
			isa = PBXNativeTarget;
			buildConfigurationList = FA09AB992061A250008F9D38 /* Build configuration list for PBXNativeTarget "TouchTrackerTests" */;
			buildPhases = (
				FA09AB7E2061A250008F9D38 /* Sources */,
				FA09AB7F2061A250008F9D38 /* Frameworks */,
				FA09AB802061A250008F9D38 /* Resources */,
			);
			buildRules = (
			);
			dependencies = (
				FA09AB842061A250008F9D38 /* PBXTargetDependency */,
			);
			name = TouchTrackerTests;
			productName = TouchTrackerTests;
			productReference = FA09AB822061A250008F9D38 /* TouchTrackerTests.xctest */;
			productType = "com.apple.product-type.bundle.unit-test";
		};
		FA09AB8C2061A250008F9D38 /* TouchTrackerUITests */ = {
			isa = PBXNativeTarget;
			buildConfigurationList = FA09AB9C2061A250008F9D38 /* Build configuration list for PBXNativeTarget "TouchTrackerUITests" */;
			buildPhases = (
				FA09AB892061A250008F9D38 /* Sources */,
				FA09AB8A2061A250008F9D38 /* Frameworks */,
				FA09AB8B2061A250008F9D38 /* Resources */,
			);
			buildRules = (
			);
			dependencies = (
				FA09AB8F2061A250008F9D38 /* PBXTargetDependency */,
			);
			name = TouchTrackerUITests;
			productName = TouchTrackerUITests;
			productReference = FA09AB8D2061A250008F9D38 /* TouchTrackerUITests.xctest */;
			productType = "com.apple.product-type.bundle.ui-testing";
		};
/* End PBXNativeTarget section */

/* Begin PBXProject section */
		FA09AB662061A250008F9D38 /* Project object */ = {
			isa = PBXProject;
			attributes = {
				LastSwiftUpdateCheck = 0920;
				LastUpgradeCheck = 0920;
				ORGANIZATIONNAME = Yuhbok;
				TargetAttributes = {
					FA09AB6D2061A250008F9D38 = {
						CreatedOnToolsVersion = 9.2;
						ProvisioningStyle = Automatic;
					};
					FA09AB812061A250008F9D38 = {
						CreatedOnToolsVersion = 9.2;
						ProvisioningStyle = Automatic;
						TestTargetID = FA09AB6D2061A250008F9D38;
					};
					FA09AB8C2061A250008F9D38 = {
						CreatedOnToolsVersion = 9.2;
						ProvisioningStyle = Automatic;
						TestTargetID = FA09AB6D2061A250008F9D38;
					};
				};
			};
			buildConfigurationList = FA09AB692061A250008F9D38 /* Build configuration list for PBXProject "TouchTracker" */;
			compatibilityVersion = "Xcode 8.0";
			developmentRegion = en;
			hasScannedForEncodings = 0;
			knownRegions = (
				en,
				Base,
			);
			mainGroup = FA09AB652061A250008F9D38;
			productRefGroup = FA09AB6F2061A250008F9D38 /* Products */;
			projectDirPath = "";
			projectRoot = "";
			targets = (
				FA09AB6D2061A250008F9D38 /* TouchTracker */,
				FA09AB812061A250008F9D38 /* TouchTrackerTests */,
				FA09AB8C2061A250008F9D38 /* TouchTrackerUITests */,
			);
		};
/* End PBXProject section */

/* Begin PBXResourcesBuildPhase section */
		FA09AB6C2061A250008F9D38 /* Resources */ = {
			isa = PBXResourcesBuildPhase;
			buildActionMask = 2147483647;
			files = (
				FA09AB7C2061A250008F9D38 /* LaunchScreen.storyboard in Resources */,
				FA09AB792061A250008F9D38 /* Assets.xcassets in Resources */,
				FA09AB772061A250008F9D38 /* Main.storyboard in Resources */,
			);
			runOnlyForDeploymentPostprocessing = 0;
		};
		FA09AB802061A250008F9D38 /* Resources */ = {
			isa = PBXResourcesBuildPhase;
			buildActionMask = 2147483647;
			files = (
			);
			runOnlyForDeploymentPostprocessing = 0;
		};
		FA09AB8B2061A250008F9D38 /* Resources */ = {
			isa = PBXResourcesBuildPhase;
			buildActionMask = 2147483647;
			files = (
			);
			runOnlyForDeploymentPostprocessing = 0;
		};
/* End PBXResourcesBuildPhase section */

/* Begin PBXSourcesBuildPhase section */
		FA09AB6A2061A250008F9D38 /* Sources */ = {
			isa = PBXSourcesBuildPhase;
			buildActionMask = 2147483647;
			files = (
				FA09ABA02061A2D3008F9D38 /* Line.swift in Sources */,
				FA09AB742061A250008F9D38 /* ViewController.swift in Sources */,
				FA09AB722061A250008F9D38 /* AppDelegate.swift in Sources */,
				FA09ABA22061A3E2008F9D38 /* DrawView.swift in Sources */,
			);
			runOnlyForDeploymentPostprocessing = 0;
		};
		FA09AB7E2061A250008F9D38 /* Sources */ = {
			isa = PBXSourcesBuildPhase;
			buildActionMask = 2147483647;
			files = (
				FA09AB872061A250008F9D38 /* TouchTrackerTests.swift in Sources */,
			);
			runOnlyForDeploymentPostprocessing = 0;
		};
		FA09AB892061A250008F9D38 /* Sources */ = {
			isa = PBXSourcesBuildPhase;
			buildActionMask = 2147483647;
			files = (
				FA09AB922061A250008F9D38 /* TouchTrackerUITests.swift in Sources */,
			);
			runOnlyForDeploymentPostprocessing = 0;
		};
/* End PBXSourcesBuildPhase section */

/* Begin PBXTargetDependency section */
		FA09AB842061A250008F9D38 /* PBXTargetDependency */ = {
			isa = PBXTargetDependency;
			target = FA09AB6D2061A250008F9D38 /* TouchTracker */;
			targetProxy = FA09AB832061A250008F9D38 /* PBXContainerItemProxy */;
		};
		FA09AB8F2061A250008F9D38 /* PBXTargetDependency */ = {
			isa = PBXTargetDependency;
			target = FA09AB6D2061A250008F9D38 /* TouchTracker */;
			targetProxy = FA09AB8E2061A250008F9D38 /* PBXContainerItemProxy */;
		};
/* End PBXTargetDependency section */

/* Begin PBXVariantGroup section */
		FA09AB752061A250008F9D38 /* Main.storyboard */ = {
			isa = PBXVariantGroup;
			children = (
				FA09AB762061A250008F9D38 /* Base */,
			);
			name = Main.storyboard;
			sourceTree = "<group>";
		};
		FA09AB7A2061A250008F9D38 /* LaunchScreen.storyboard */ = {
			isa = PBXVariantGroup;
			children = (
				FA09AB7B2061A250008F9D38 /* Base */,
			);
			name = LaunchScreen.storyboard;
			sourceTree = "<group>";
		};
/* End PBXVariantGroup section */

/* Begin XCBuildConfiguration section */
		FA09AB942061A250008F9D38 /* Debug */ = {
			isa = XCBuildConfiguration;
			buildSettings = {
				ALWAYS_SEARCH_USER_PATHS = NO;
				CLANG_ANALYZER_NONNULL = YES;
				CLANG_ANALYZER_NUMBER_OBJECT_CONVERSION = YES_AGGRESSIVE;
				CLANG_CXX_LANGUAGE_STANDARD = "gnu++14";
				CLANG_CXX_LIBRARY = "libc++";
				CLANG_ENABLE_MODULES = YES;
				CLANG_ENABLE_OBJC_ARC = YES;
				CLANG_WARN_BLOCK_CAPTURE_AUTORELEASING = YES;
				CLANG_WARN_BOOL_CONVERSION = YES;
				CLANG_WARN_COMMA = YES;
				CLANG_WARN_CONSTANT_CONVERSION = YES;
				CLANG_WARN_DIRECT_OBJC_ISA_USAGE = YES_ERROR;
				CLANG_WARN_DOCUMENTATION_COMMENTS = YES;
				CLANG_WARN_EMPTY_BODY = YES;
				CLANG_WARN_ENUM_CONVERSION = YES;
				CLANG_WARN_INFINITE_RECURSION = YES;
				CLANG_WARN_INT_CONVERSION = YES;
				CLANG_WARN_NON_LITERAL_NULL_CONVERSION = YES;
				CLANG_WARN_OBJC_LITERAL_CONVERSION = YES;
				CLANG_WARN_OBJC_ROOT_CLASS = YES_ERROR;
				CLANG_WARN_RANGE_LOOP_ANALYSIS = YES;
				CLANG_WARN_STRICT_PROTOTYPES = YES;
				CLANG_WARN_SUSPICIOUS_MOVE = YES;
				CLANG_WARN_UNGUARDED_AVAILABILITY = YES_AGGRESSIVE;
				CLANG_WARN_UNREACHABLE_CODE = YES;
				CLANG_WARN__DUPLICATE_METHOD_MATCH = YES;
				CODE_SIGN_IDENTITY = "iPhone Developer";
				COPY_PHASE_STRIP = NO;
				DEBUG_INFORMATION_FORMAT = dwarf;
				ENABLE_STRICT_OBJC_MSGSEND = YES;
				ENABLE_TESTABILITY = YES;
				GCC_C_LANGUAGE_STANDARD = gnu11;
				GCC_DYNAMIC_NO_PIC = NO;
				GCC_NO_COMMON_BLOCKS = YES;
				GCC_OPTIMIZATION_LEVEL = 0;
				GCC_PREPROCESSOR_DEFINITIONS = (
					"DEBUG=1",
					"$(inherited)",
				);
				GCC_WARN_64_TO_32_BIT_CONVERSION = YES;
				GCC_WARN_ABOUT_RETURN_TYPE = YES_ERROR;
				GCC_WARN_UNDECLARED_SELECTOR = YES;
				GCC_WARN_UNINITIALIZED_AUTOS = YES_AGGRESSIVE;
				GCC_WARN_UNUSED_FUNCTION = YES;
				GCC_WARN_UNUSED_VARIABLE = YES;
				IPHONEOS_DEPLOYMENT_TARGET = 11.2;
				MTL_ENABLE_DEBUG_INFO = YES;
				ONLY_ACTIVE_ARCH = YES;
				SDKROOT = iphoneos;
				SWIFT_ACTIVE_COMPILATION_CONDITIONS = DEBUG;
				SWIFT_OPTIMIZATION_LEVEL = "-Onone";
			};
			name = Debug;
		};
		FA09AB952061A250008F9D38 /* Release */ = {
			isa = XCBuildConfiguration;
			buildSettings = {
				ALWAYS_SEARCH_USER_PATHS = NO;
				CLANG_ANALYZER_NONNULL = YES;
				CLANG_ANALYZER_NUMBER_OBJECT_CONVERSION = YES_AGGRESSIVE;
				CLANG_CXX_LANGUAGE_STANDARD = "gnu++14";
				CLANG_CXX_LIBRARY = "libc++";
				CLANG_ENABLE_MODULES = YES;
				CLANG_ENABLE_OBJC_ARC = YES;
				CLANG_WARN_BLOCK_CAPTURE_AUTORELEASING = YES;
				CLANG_WARN_BOOL_CONVERSION = YES;
				CLANG_WARN_COMMA = YES;
				CLANG_WARN_CONSTANT_CONVERSION = YES;
				CLANG_WARN_DIRECT_OBJC_ISA_USAGE = YES_ERROR;
				CLANG_WARN_DOCUMENTATION_COMMENTS = YES;
				CLANG_WARN_EMPTY_BODY = YES;
				CLANG_WARN_ENUM_CONVERSION = YES;
				CLANG_WARN_INFINITE_RECURSION = YES;
				CLANG_WARN_INT_CONVERSION = YES;
				CLANG_WARN_NON_LITERAL_NULL_CONVERSION = YES;
				CLANG_WARN_OBJC_LITERAL_CONVERSION = YES;
				CLANG_WARN_OBJC_ROOT_CLASS = YES_ERROR;
				CLANG_WARN_RANGE_LOOP_ANALYSIS = YES;
				CLANG_WARN_STRICT_PROTOTYPES = YES;
				CLANG_WARN_SUSPICIOUS_MOVE = YES;
				CLANG_WARN_UNGUARDED_AVAILABILITY = YES_AGGRESSIVE;
				CLANG_WARN_UNREACHABLE_CODE = YES;
				CLANG_WARN__DUPLICATE_METHOD_MATCH = YES;
				CODE_SIGN_IDENTITY = "iPhone Developer";
				COPY_PHASE_STRIP = NO;
				DEBUG_INFORMATION_FORMAT = "dwarf-with-dsym";
				ENABLE_NS_ASSERTIONS = NO;
				ENABLE_STRICT_OBJC_MSGSEND = YES;
				GCC_C_LANGUAGE_STANDARD = gnu11;
				GCC_NO_COMMON_BLOCKS = YES;
				GCC_WARN_64_TO_32_BIT_CONVERSION = YES;
				GCC_WARN_ABOUT_RETURN_TYPE = YES_ERROR;
				GCC_WARN_UNDECLARED_SELECTOR = YES;
				GCC_WARN_UNINITIALIZED_AUTOS = YES_AGGRESSIVE;
				GCC_WARN_UNUSED_FUNCTION = YES;
				GCC_WARN_UNUSED_VARIABLE = YES;
				IPHONEOS_DEPLOYMENT_TARGET = 11.2;
				MTL_ENABLE_DEBUG_INFO = NO;
				SDKROOT = iphoneos;
				SWIFT_OPTIMIZATION_LEVEL = "-Owholemodule";
				VALIDATE_PRODUCT = YES;
			};
			name = Release;
		};
		FA09AB972061A250008F9D38 /* Debug */ = {
			isa = XCBuildConfiguration;
			buildSettings = {
				ASSETCATALOG_COMPILER_APPICON_NAME = AppIcon;
				CODE_SIGN_STYLE = Automatic;
				DEVELOPMENT_TEAM = 374TS89CP4;
				INFOPLIST_FILE = TouchTracker/Info.plist;
				LD_RUNPATH_SEARCH_PATHS = "$(inherited) @executable_path/Frameworks";
				PRODUCT_BUNDLE_IDENTIFIER = AndrewYuhbok.TouchTracker;
				PRODUCT_NAME = "$(TARGET_NAME)";
				SWIFT_VERSION = 4.0;
				TARGETED_DEVICE_FAMILY = "1,2";
			};
			name = Debug;
		};
		FA09AB982061A250008F9D38 /* Release */ = {
			isa = XCBuildConfiguration;
			buildSettings = {
				ASSETCATALOG_COMPILER_APPICON_NAME = AppIcon;
				CODE_SIGN_STYLE = Automatic;
				DEVELOPMENT_TEAM = 374TS89CP4;
				INFOPLIST_FILE = TouchTracker/Info.plist;
				LD_RUNPATH_SEARCH_PATHS = "$(inherited) @executable_path/Frameworks";
				PRODUCT_BUNDLE_IDENTIFIER = AndrewYuhbok.TouchTracker;
				PRODUCT_NAME = "$(TARGET_NAME)";
				SWIFT_VERSION = 4.0;
				TARGETED_DEVICE_FAMILY = "1,2";
			};
			name = Release;
		};
		FA09AB9A2061A250008F9D38 /* Debug */ = {
			isa = XCBuildConfiguration;
			buildSettings = {
				ALWAYS_EMBED_SWIFT_STANDARD_LIBRARIES = YES;
				BUNDLE_LOADER = "$(TEST_HOST)";
				CODE_SIGN_STYLE = Automatic;
				DEVELOPMENT_TEAM = 374TS89CP4;
				INFOPLIST_FILE = TouchTrackerTests/Info.plist;
				LD_RUNPATH_SEARCH_PATHS = "$(inherited) @executable_path/Frameworks @loader_path/Frameworks";
				PRODUCT_BUNDLE_IDENTIFIER = AndrewYuhbok.TouchTrackerTests;
				PRODUCT_NAME = "$(TARGET_NAME)";
				SWIFT_VERSION = 4.0;
				TARGETED_DEVICE_FAMILY = "1,2";
				TEST_HOST = "$(BUILT_PRODUCTS_DIR)/TouchTracker.app/TouchTracker";
			};
			name = Debug;
		};
		FA09AB9B2061A250008F9D38 /* Release */ = {
			isa = XCBuildConfiguration;
			buildSettings = {
				ALWAYS_EMBED_SWIFT_STANDARD_LIBRARIES = YES;
				BUNDLE_LOADER = "$(TEST_HOST)";
				CODE_SIGN_STYLE = Automatic;
				DEVELOPMENT_TEAM = 374TS89CP4;
				INFOPLIST_FILE = TouchTrackerTests/Info.plist;
				LD_RUNPATH_SEARCH_PATHS = "$(inherited) @executable_path/Frameworks @loader_path/Frameworks";
				PRODUCT_BUNDLE_IDENTIFIER = AndrewYuhbok.TouchTrackerTests;
				PRODUCT_NAME = "$(TARGET_NAME)";
				SWIFT_VERSION = 4.0;
				TARGETED_DEVICE_FAMILY = "1,2";
				TEST_HOST = "$(BUILT_PRODUCTS_DIR)/TouchTracker.app/TouchTracker";
			};
			name = Release;
		};
		FA09AB9D2061A250008F9D38 /* Debug */ = {
			isa = XCBuildConfiguration;
			buildSettings = {
				ALWAYS_EMBED_SWIFT_STANDARD_LIBRARIES = YES;
				CODE_SIGN_STYLE = Automatic;
				DEVELOPMENT_TEAM = 374TS89CP4;
				INFOPLIST_FILE = TouchTrackerUITests/Info.plist;
				LD_RUNPATH_SEARCH_PATHS = "$(inherited) @executable_path/Frameworks @loader_path/Frameworks";
				PRODUCT_BUNDLE_IDENTIFIER = AndrewYuhbok.TouchTrackerUITests;
				PRODUCT_NAME = "$(TARGET_NAME)";
				SWIFT_VERSION = 4.0;
				TARGETED_DEVICE_FAMILY = "1,2";
				TEST_TARGET_NAME = TouchTracker;
			};
			name = Debug;
		};
		FA09AB9E2061A250008F9D38 /* Release */ = {
			isa = XCBuildConfiguration;
			buildSettings = {
				ALWAYS_EMBED_SWIFT_STANDARD_LIBRARIES = YES;
				CODE_SIGN_STYLE = Automatic;
				DEVELOPMENT_TEAM = 374TS89CP4;
				INFOPLIST_FILE = TouchTrackerUITests/Info.plist;
				LD_RUNPATH_SEARCH_PATHS = "$(inherited) @executable_path/Frameworks @loader_path/Frameworks";
				PRODUCT_BUNDLE_IDENTIFIER = AndrewYuhbok.TouchTrackerUITests;
				PRODUCT_NAME = "$(TARGET_NAME)";
				SWIFT_VERSION = 4.0;
				TARGETED_DEVICE_FAMILY = "1,2";
				TEST_TARGET_NAME = TouchTracker;
			};
			name = Release;
		};
/* End XCBuildConfiguration section */

/* Begin XCConfigurationList section */
		FA09AB692061A250008F9D38 /* Build configuration list for PBXProject "TouchTracker" */ = {
			isa = XCConfigurationList;
			buildConfigurations = (
				FA09AB942061A250008F9D38 /* Debug */,
				FA09AB952061A250008F9D38 /* Release */,
			);
			defaultConfigurationIsVisible = 0;
			defaultConfigurationName = Release;
		};
		FA09AB962061A250008F9D38 /* Build configuration list for PBXNativeTarget "TouchTracker" */ = {
			isa = XCConfigurationList;
			buildConfigurations = (
				FA09AB972061A250008F9D38 /* Debug */,
				FA09AB982061A250008F9D38 /* Release */,
			);
			defaultConfigurationIsVisible = 0;
			defaultConfigurationName = Release;
		};
		FA09AB992061A250008F9D38 /* Build configuration list for PBXNativeTarget "TouchTrackerTests" */ = {
			isa = XCConfigurationList;
			buildConfigurations = (
				FA09AB9A2061A250008F9D38 /* Debug */,
				FA09AB9B2061A250008F9D38 /* Release */,
			);
			defaultConfigurationIsVisible = 0;
			defaultConfigurationName = Release;
		};
		FA09AB9C2061A250008F9D38 /* Build configuration list for PBXNativeTarget "TouchTrackerUITests" */ = {
			isa = XCConfigurationList;
			buildConfigurations = (
				FA09AB9D2061A250008F9D38 /* Debug */,
				FA09AB9E2061A250008F9D38 /* Release */,
			);
			defaultConfigurationIsVisible = 0;
			defaultConfigurationName = Release;
		};
/* End XCConfigurationList section */
	};
	rootObject = FA09AB662061A250008F9D38 /* Project object */;
}
